<?xml version="1.0" encoding="UTF-8"?>
<CodeBlocks_project_file>
	<FileVersion major="1" minor="6"/>
	<Project>
		<Option title="PeterDB"/>
		<Option makefile_is_custom="1"/>
		<Option compiler="gcc"/>
		<Option virtualFolders="CMake Files\;CMake Files\googletest-prefix\;CMake Files\googletest-prefix\tmp\;CMake Files\googlelog-prefix\;CMake Files\googlelog-prefix\tmp\;CMake Files\src\;CMake Files\src\pfm\;CMake Files\src\rbfm\;CMake Files\src\ix\;CMake Files\src\rm\;CMake Files\src\qe\;CMake Files\test\;CMake Files\test\pfm\;CMake Files\test\rbfm\;CMake Files\test\ix\;CMake Files\test\rm\;CMake Files\test\qe\;"/>
		<Build>
			<Target title="all">
				<Option working_dir="/mnt/c/Users/sehwanhong/CLionProjects/cs222-fall20-team-11"/>
				<Option type="4"/>
				<MakeCommands>
					<Build command="/usr/bin/make -f &quot;/mnt/c/Users/sehwanhong/CLionProjects/cs222-fall20-team-11/Makefile&quot;  VERBOSE=1 all"/>
					<CompileFile command="/usr/bin/make -f &quot;/mnt/c/Users/sehwanhong/CLionProjects/cs222-fall20-team-11/Makefile&quot;  VERBOSE=1 &quot;$file&quot;"/>
					<Clean command="/usr/bin/make -f &quot;/mnt/c/Users/sehwanhong/CLionProjects/cs222-fall20-team-11/Makefile&quot;  VERBOSE=1 clean"/>
					<DistClean command="/usr/bin/make -f &quot;/mnt/c/Users/sehwanhong/CLionProjects/cs222-fall20-team-11/Makefile&quot;  VERBOSE=1 clean"/>
				</MakeCommands>
			</Target>
			<Target title="rebuild_cache">
				<Option working_dir="/mnt/c/Users/sehwanhong/CLionProjects/cs222-fall20-team-11"/>
				<Option type="4"/>
				<MakeCommands>
					<Build command="/usr/bin/make -f &quot;/mnt/c/Users/sehwanhong/CLionProjects/cs222-fall20-team-11/Makefile&quot;  VERBOSE=1 rebuild_cache"/>
					<CompileFile command="/usr/bin/make -f &quot;/mnt/c/Users/sehwanhong/CLionProjects/cs222-fall20-team-11/Makefile&quot;  VERBOSE=1 &quot;$file&quot;"/>
					<Clean command="/usr/bin/make -f &quot;/mnt/c/Users/sehwanhong/CLionProjects/cs222-fall20-team-11/Makefile&quot;  VERBOSE=1 clean"/>
					<DistClean command="/usr/bin/make -f &quot;/mnt/c/Users/sehwanhong/CLionProjects/cs222-fall20-team-11/Makefile&quot;  VERBOSE=1 clean"/>
				</MakeCommands>
			</Target>
			<Target title="edit_cache">
				<Option working_dir="/mnt/c/Users/sehwanhong/CLionProjects/cs222-fall20-team-11"/>
				<Option type="4"/>
				<MakeCommands>
					<Build command="/usr/bin/make -f &quot;/mnt/c/Users/sehwanhong/CLionProjects/cs222-fall20-team-11/Makefile&quot;  VERBOSE=1 edit_cache"/>
					<CompileFile command="/usr/bin/make -f &quot;/mnt/c/Users/sehwanhong/CLionProjects/cs222-fall20-team-11/Makefile&quot;  VERBOSE=1 &quot;$file&quot;"/>
					<Clean command="/usr/bin/make -f &quot;/mnt/c/Users/sehwanhong/CLionProjects/cs222-fall20-team-11/Makefile&quot;  VERBOSE=1 clean"/>
					<DistClean command="/usr/bin/make -f &quot;/mnt/c/Users/sehwanhong/CLionProjects/cs222-fall20-team-11/Makefile&quot;  VERBOSE=1 clean"/>
				</MakeCommands>
			</Target>
			<Target title="googletest">
				<Option working_dir="/mnt/c/Users/sehwanhong/CLionProjects/cs222-fall20-team-11"/>
				<Option type="4"/>
				<MakeCommands>
					<Build command="/usr/bin/make -f &quot;/mnt/c/Users/sehwanhong/CLionProjects/cs222-fall20-team-11/Makefile&quot;  VERBOSE=1 googletest"/>
					<CompileFile command="/usr/bin/make -f &quot;/mnt/c/Users/sehwanhong/CLionProjects/cs222-fall20-team-11/Makefile&quot;  VERBOSE=1 &quot;$file&quot;"/>
					<Clean command="/usr/bin/make -f &quot;/mnt/c/Users/sehwanhong/CLionProjects/cs222-fall20-team-11/Makefile&quot;  VERBOSE=1 clean"/>
					<DistClean command="/usr/bin/make -f &quot;/mnt/c/Users/sehwanhong/CLionProjects/cs222-fall20-team-11/Makefile&quot;  VERBOSE=1 clean"/>
				</MakeCommands>
			</Target>
			<Target title="test">
				<Option working_dir="/mnt/c/Users/sehwanhong/CLionProjects/cs222-fall20-team-11"/>
				<Option type="4"/>
				<MakeCommands>
					<Build command="/usr/bin/make -f &quot;/mnt/c/Users/sehwanhong/CLionProjects/cs222-fall20-team-11/Makefile&quot;  VERBOSE=1 test"/>
					<CompileFile command="/usr/bin/make -f &quot;/mnt/c/Users/sehwanhong/CLionProjects/cs222-fall20-team-11/Makefile&quot;  VERBOSE=1 &quot;$file&quot;"/>
					<Clean command="/usr/bin/make -f &quot;/mnt/c/Users/sehwanhong/CLionProjects/cs222-fall20-team-11/Makefile&quot;  VERBOSE=1 clean"/>
					<DistClean command="/usr/bin/make -f &quot;/mnt/c/Users/sehwanhong/CLionProjects/cs222-fall20-team-11/Makefile&quot;  VERBOSE=1 clean"/>
				</MakeCommands>
			</Target>
			<Target title="googlelog">
				<Option working_dir="/mnt/c/Users/sehwanhong/CLionProjects/cs222-fall20-team-11"/>
				<Option type="4"/>
				<MakeCommands>
					<Build command="/usr/bin/make -f &quot;/mnt/c/Users/sehwanhong/CLionProjects/cs222-fall20-team-11/Makefile&quot;  VERBOSE=1 googlelog"/>
					<CompileFile command="/usr/bin/make -f &quot;/mnt/c/Users/sehwanhong/CLionProjects/cs222-fall20-team-11/Makefile&quot;  VERBOSE=1 &quot;$file&quot;"/>
					<Clean command="/usr/bin/make -f &quot;/mnt/c/Users/sehwanhong/CLionProjects/cs222-fall20-team-11/Makefile&quot;  VERBOSE=1 clean"/>
					<DistClean command="/usr/bin/make -f &quot;/mnt/c/Users/sehwanhong/CLionProjects/cs222-fall20-team-11/Makefile&quot;  VERBOSE=1 clean"/>
				</MakeCommands>
			</Target>
			<Target title="pfm">
				<Option output="/mnt/c/Users/sehwanhong/CLionProjects/cs222-fall20-team-11/src/pfm/libpfm.a" prefix_auto="0" extension_auto="0"/>
				<Option working_dir="/mnt/c/Users/sehwanhong/CLionProjects/cs222-fall20-team-11/src/pfm"/>
				<Option object_output="./"/>
				<Option type="2"/>
				<Option compiler="gcc"/>
				<Compiler>
					<Add option="-DDEBUG=1"/>
					<Add directory="/mnt/c/Users/sehwanhong/CLionProjects/cs222-fall20-team-11/include"/>
					<Add directory="/mnt/c/Users/sehwanhong/CLionProjects/cs222-fall20-team-11"/>
				</Compiler>
				<MakeCommands>
					<Build command="/usr/bin/make -f &quot;/mnt/c/Users/sehwanhong/CLionProjects/cs222-fall20-team-11/src/pfm/Makefile&quot;  VERBOSE=1 pfm"/>
					<CompileFile command="/usr/bin/make -f &quot;/mnt/c/Users/sehwanhong/CLionProjects/cs222-fall20-team-11/src/pfm/Makefile&quot;  VERBOSE=1 &quot;$file&quot;"/>
					<Clean command="/usr/bin/make -f &quot;/mnt/c/Users/sehwanhong/CLionProjects/cs222-fall20-team-11/src/pfm/Makefile&quot;  VERBOSE=1 clean"/>
					<DistClean command="/usr/bin/make -f &quot;/mnt/c/Users/sehwanhong/CLionProjects/cs222-fall20-team-11/src/pfm/Makefile&quot;  VERBOSE=1 clean"/>
				</MakeCommands>
			</Target>
			<Target title="pfm/fast">
				<Option output="/mnt/c/Users/sehwanhong/CLionProjects/cs222-fall20-team-11/src/pfm/libpfm.a" prefix_auto="0" extension_auto="0"/>
				<Option working_dir="/mnt/c/Users/sehwanhong/CLionProjects/cs222-fall20-team-11/src/pfm"/>
				<Option object_output="./"/>
				<Option type="2"/>
				<Option compiler="gcc"/>
				<Compiler>
					<Add option="-DDEBUG=1"/>
					<Add directory="/mnt/c/Users/sehwanhong/CLionProjects/cs222-fall20-team-11/include"/>
					<Add directory="/mnt/c/Users/sehwanhong/CLionProjects/cs222-fall20-team-11"/>
				</Compiler>
				<MakeCommands>
					<Build command="/usr/bin/make -f &quot;/mnt/c/Users/sehwanhong/CLionProjects/cs222-fall20-team-11/src/pfm/Makefile&quot;  VERBOSE=1 pfm/fast"/>
					<CompileFile command="/usr/bin/make -f &quot;/mnt/c/Users/sehwanhong/CLionProjects/cs222-fall20-team-11/src/pfm/Makefile&quot;  VERBOSE=1 &quot;$file&quot;"/>
					<Clean command="/usr/bin/make -f &quot;/mnt/c/Users/sehwanhong/CLionProjects/cs222-fall20-team-11/src/pfm/Makefile&quot;  VERBOSE=1 clean"/>
					<DistClean command="/usr/bin/make -f &quot;/mnt/c/Users/sehwanhong/CLionProjects/cs222-fall20-team-11/src/pfm/Makefile&quot;  VERBOSE=1 clean"/>
				</MakeCommands>
			</Target>
			<Target title="rbfm">
				<Option output="/mnt/c/Users/sehwanhong/CLionProjects/cs222-fall20-team-11/src/rbfm/librbfm.a" prefix_auto="0" extension_auto="0"/>
				<Option working_dir="/mnt/c/Users/sehwanhong/CLionProjects/cs222-fall20-team-11/src/rbfm"/>
				<Option object_output="./"/>
				<Option type="2"/>
				<Option compiler="gcc"/>
				<Compiler>
					<Add option="-DDEBUG=1"/>
					<Add directory="/mnt/c/Users/sehwanhong/CLionProjects/cs222-fall20-team-11/include"/>
					<Add directory="/mnt/c/Users/sehwanhong/CLionProjects/cs222-fall20-team-11"/>
				</Compiler>
				<MakeCommands>
					<Build command="/usr/bin/make -f &quot;/mnt/c/Users/sehwanhong/CLionProjects/cs222-fall20-team-11/src/rbfm/Makefile&quot;  VERBOSE=1 rbfm"/>
					<CompileFile command="/usr/bin/make -f &quot;/mnt/c/Users/sehwanhong/CLionProjects/cs222-fall20-team-11/src/rbfm/Makefile&quot;  VERBOSE=1 &quot;$file&quot;"/>
					<Clean command="/usr/bin/make -f &quot;/mnt/c/Users/sehwanhong/CLionProjects/cs222-fall20-team-11/src/rbfm/Makefile&quot;  VERBOSE=1 clean"/>
					<DistClean command="/usr/bin/make -f &quot;/mnt/c/Users/sehwanhong/CLionProjects/cs222-fall20-team-11/src/rbfm/Makefile&quot;  VERBOSE=1 clean"/>
				</MakeCommands>
			</Target>
			<Target title="rbfm/fast">
				<Option output="/mnt/c/Users/sehwanhong/CLionProjects/cs222-fall20-team-11/src/rbfm/librbfm.a" prefix_auto="0" extension_auto="0"/>
				<Option working_dir="/mnt/c/Users/sehwanhong/CLionProjects/cs222-fall20-team-11/src/rbfm"/>
				<Option object_output="./"/>
				<Option type="2"/>
				<Option compiler="gcc"/>
				<Compiler>
					<Add option="-DDEBUG=1"/>
					<Add directory="/mnt/c/Users/sehwanhong/CLionProjects/cs222-fall20-team-11/include"/>
					<Add directory="/mnt/c/Users/sehwanhong/CLionProjects/cs222-fall20-team-11"/>
				</Compiler>
				<MakeCommands>
					<Build command="/usr/bin/make -f &quot;/mnt/c/Users/sehwanhong/CLionProjects/cs222-fall20-team-11/src/rbfm/Makefile&quot;  VERBOSE=1 rbfm/fast"/>
					<CompileFile command="/usr/bin/make -f &quot;/mnt/c/Users/sehwanhong/CLionProjects/cs222-fall20-team-11/src/rbfm/Makefile&quot;  VERBOSE=1 &quot;$file&quot;"/>
					<Clean command="/usr/bin/make -f &quot;/mnt/c/Users/sehwanhong/CLionProjects/cs222-fall20-team-11/src/rbfm/Makefile&quot;  VERBOSE=1 clean"/>
					<DistClean command="/usr/bin/make -f &quot;/mnt/c/Users/sehwanhong/CLionProjects/cs222-fall20-team-11/src/rbfm/Makefile&quot;  VERBOSE=1 clean"/>
				</MakeCommands>
			</Target>
			<Target title="ix">
				<Option output="/mnt/c/Users/sehwanhong/CLionProjects/cs222-fall20-team-11/src/ix/libix.a" prefix_auto="0" extension_auto="0"/>
				<Option working_dir="/mnt/c/Users/sehwanhong/CLionProjects/cs222-fall20-team-11/src/ix"/>
				<Option object_output="./"/>
				<Option type="2"/>
				<Option compiler="gcc"/>
				<Compiler>
					<Add option="-DDEBUG=1"/>
					<Add directory="/mnt/c/Users/sehwanhong/CLionProjects/cs222-fall20-team-11/include"/>
					<Add directory="/mnt/c/Users/sehwanhong/CLionProjects/cs222-fall20-team-11"/>
				</Compiler>
				<MakeCommands>
					<Build command="/usr/bin/make -f &quot;/mnt/c/Users/sehwanhong/CLionProjects/cs222-fall20-team-11/src/ix/Makefile&quot;  VERBOSE=1 ix"/>
					<CompileFile command="/usr/bin/make -f &quot;/mnt/c/Users/sehwanhong/CLionProjects/cs222-fall20-team-11/src/ix/Makefile&quot;  VERBOSE=1 &quot;$file&quot;"/>
					<Clean command="/usr/bin/make -f &quot;/mnt/c/Users/sehwanhong/CLionProjects/cs222-fall20-team-11/src/ix/Makefile&quot;  VERBOSE=1 clean"/>
					<DistClean command="/usr/bin/make -f &quot;/mnt/c/Users/sehwanhong/CLionProjects/cs222-fall20-team-11/src/ix/Makefile&quot;  VERBOSE=1 clean"/>
				</MakeCommands>
			</Target>
			<Target title="ix/fast">
				<Option output="/mnt/c/Users/sehwanhong/CLionProjects/cs222-fall20-team-11/src/ix/libix.a" prefix_auto="0" extension_auto="0"/>
				<Option working_dir="/mnt/c/Users/sehwanhong/CLionProjects/cs222-fall20-team-11/src/ix"/>
				<Option object_output="./"/>
				<Option type="2"/>
				<Option compiler="gcc"/>
				<Compiler>
					<Add option="-DDEBUG=1"/>
					<Add directory="/mnt/c/Users/sehwanhong/CLionProjects/cs222-fall20-team-11/include"/>
					<Add directory="/mnt/c/Users/sehwanhong/CLionProjects/cs222-fall20-team-11"/>
				</Compiler>
				<MakeCommands>
					<Build command="/usr/bin/make -f &quot;/mnt/c/Users/sehwanhong/CLionProjects/cs222-fall20-team-11/src/ix/Makefile&quot;  VERBOSE=1 ix/fast"/>
					<CompileFile command="/usr/bin/make -f &quot;/mnt/c/Users/sehwanhong/CLionProjects/cs222-fall20-team-11/src/ix/Makefile&quot;  VERBOSE=1 &quot;$file&quot;"/>
					<Clean command="/usr/bin/make -f &quot;/mnt/c/Users/sehwanhong/CLionProjects/cs222-fall20-team-11/src/ix/Makefile&quot;  VERBOSE=1 clean"/>
					<DistClean command="/usr/bin/make -f &quot;/mnt/c/Users/sehwanhong/CLionProjects/cs222-fall20-team-11/src/ix/Makefile&quot;  VERBOSE=1 clean"/>
				</MakeCommands>
			</Target>
			<Target title="rm">
				<Option output="/mnt/c/Users/sehwanhong/CLionProjects/cs222-fall20-team-11/src/rm/librm.a" prefix_auto="0" extension_auto="0"/>
				<Option working_dir="/mnt/c/Users/sehwanhong/CLionProjects/cs222-fall20-team-11/src/rm"/>
				<Option object_output="./"/>
				<Option type="2"/>
				<Option compiler="gcc"/>
				<Compiler>
					<Add option="-DDEBUG=1"/>
					<Add directory="/mnt/c/Users/sehwanhong/CLionProjects/cs222-fall20-team-11/include"/>
					<Add directory="/mnt/c/Users/sehwanhong/CLionProjects/cs222-fall20-team-11"/>
				</Compiler>
				<MakeCommands>
					<Build command="/usr/bin/make -f &quot;/mnt/c/Users/sehwanhong/CLionProjects/cs222-fall20-team-11/src/rm/Makefile&quot;  VERBOSE=1 rm"/>
					<CompileFile command="/usr/bin/make -f &quot;/mnt/c/Users/sehwanhong/CLionProjects/cs222-fall20-team-11/src/rm/Makefile&quot;  VERBOSE=1 &quot;$file&quot;"/>
					<Clean command="/usr/bin/make -f &quot;/mnt/c/Users/sehwanhong/CLionProjects/cs222-fall20-team-11/src/rm/Makefile&quot;  VERBOSE=1 clean"/>
					<DistClean command="/usr/bin/make -f &quot;/mnt/c/Users/sehwanhong/CLionProjects/cs222-fall20-team-11/src/rm/Makefile&quot;  VERBOSE=1 clean"/>
				</MakeCommands>
			</Target>
			<Target title="rm/fast">
				<Option output="/mnt/c/Users/sehwanhong/CLionProjects/cs222-fall20-team-11/src/rm/librm.a" prefix_auto="0" extension_auto="0"/>
				<Option working_dir="/mnt/c/Users/sehwanhong/CLionProjects/cs222-fall20-team-11/src/rm"/>
				<Option object_output="./"/>
				<Option type="2"/>
				<Option compiler="gcc"/>
				<Compiler>
					<Add option="-DDEBUG=1"/>
					<Add directory="/mnt/c/Users/sehwanhong/CLionProjects/cs222-fall20-team-11/include"/>
					<Add directory="/mnt/c/Users/sehwanhong/CLionProjects/cs222-fall20-team-11"/>
				</Compiler>
				<MakeCommands>
					<Build command="/usr/bin/make -f &quot;/mnt/c/Users/sehwanhong/CLionProjects/cs222-fall20-team-11/src/rm/Makefile&quot;  VERBOSE=1 rm/fast"/>
					<CompileFile command="/usr/bin/make -f &quot;/mnt/c/Users/sehwanhong/CLionProjects/cs222-fall20-team-11/src/rm/Makefile&quot;  VERBOSE=1 &quot;$file&quot;"/>
					<Clean command="/usr/bin/make -f &quot;/mnt/c/Users/sehwanhong/CLionProjects/cs222-fall20-team-11/src/rm/Makefile&quot;  VERBOSE=1 clean"/>
					<DistClean command="/usr/bin/make -f &quot;/mnt/c/Users/sehwanhong/CLionProjects/cs222-fall20-team-11/src/rm/Makefile&quot;  VERBOSE=1 clean"/>
				</MakeCommands>
			</Target>
			<Target title="qe">
				<Option output="/mnt/c/Users/sehwanhong/CLionProjects/cs222-fall20-team-11/src/qe/libqe.a" prefix_auto="0" extension_auto="0"/>
				<Option working_dir="/mnt/c/Users/sehwanhong/CLionProjects/cs222-fall20-team-11/src/qe"/>
				<Option object_output="./"/>
				<Option type="2"/>
				<Option compiler="gcc"/>
				<Compiler>
					<Add option="-DDEBUG=1"/>
					<Add directory="/mnt/c/Users/sehwanhong/CLionProjects/cs222-fall20-team-11/include"/>
					<Add directory="/mnt/c/Users/sehwanhong/CLionProjects/cs222-fall20-team-11"/>
				</Compiler>
				<MakeCommands>
					<Build command="/usr/bin/make -f &quot;/mnt/c/Users/sehwanhong/CLionProjects/cs222-fall20-team-11/src/qe/Makefile&quot;  VERBOSE=1 qe"/>
					<CompileFile command="/usr/bin/make -f &quot;/mnt/c/Users/sehwanhong/CLionProjects/cs222-fall20-team-11/src/qe/Makefile&quot;  VERBOSE=1 &quot;$file&quot;"/>
					<Clean command="/usr/bin/make -f &quot;/mnt/c/Users/sehwanhong/CLionProjects/cs222-fall20-team-11/src/qe/Makefile&quot;  VERBOSE=1 clean"/>
					<DistClean command="/usr/bin/make -f &quot;/mnt/c/Users/sehwanhong/CLionProjects/cs222-fall20-team-11/src/qe/Makefile&quot;  VERBOSE=1 clean"/>
				</MakeCommands>
			</Target>
			<Target title="qe/fast">
				<Option output="/mnt/c/Users/sehwanhong/CLionProjects/cs222-fall20-team-11/src/qe/libqe.a" prefix_auto="0" extension_auto="0"/>
				<Option working_dir="/mnt/c/Users/sehwanhong/CLionProjects/cs222-fall20-team-11/src/qe"/>
				<Option object_output="./"/>
				<Option type="2"/>
				<Option compiler="gcc"/>
				<Compiler>
					<Add option="-DDEBUG=1"/>
					<Add directory="/mnt/c/Users/sehwanhong/CLionProjects/cs222-fall20-team-11/include"/>
					<Add directory="/mnt/c/Users/sehwanhong/CLionProjects/cs222-fall20-team-11"/>
				</Compiler>
				<MakeCommands>
					<Build command="/usr/bin/make -f &quot;/mnt/c/Users/sehwanhong/CLionProjects/cs222-fall20-team-11/src/qe/Makefile&quot;  VERBOSE=1 qe/fast"/>
					<CompileFile command="/usr/bin/make -f &quot;/mnt/c/Users/sehwanhong/CLionProjects/cs222-fall20-team-11/src/qe/Makefile&quot;  VERBOSE=1 &quot;$file&quot;"/>
					<Clean command="/usr/bin/make -f &quot;/mnt/c/Users/sehwanhong/CLionProjects/cs222-fall20-team-11/src/qe/Makefile&quot;  VERBOSE=1 clean"/>
					<DistClean command="/usr/bin/make -f &quot;/mnt/c/Users/sehwanhong/CLionProjects/cs222-fall20-team-11/src/qe/Makefile&quot;  VERBOSE=1 clean"/>
				</MakeCommands>
			</Target>
			<Target title="pfmtest_private">
				<Option output="/mnt/c/Users/sehwanhong/CLionProjects/cs222-fall20-team-11/pfmtest_private" prefix_auto="0" extension_auto="0"/>
				<Option working_dir="/mnt/c/Users/sehwanhong/CLionProjects/cs222-fall20-team-11"/>
				<Option object_output="./"/>
				<Option type="1"/>
				<Option compiler="gcc"/>
				<Compiler>
					<Add option="-DDEBUG=1"/>
					<Add directory="/mnt/c/Users/sehwanhong/CLionProjects/cs222-fall20-team-11/include"/>
					<Add directory="/mnt/c/Users/sehwanhong/CLionProjects/cs222-fall20-team-11"/>
				</Compiler>
				<MakeCommands>
					<Build command="/usr/bin/make -f &quot;/mnt/c/Users/sehwanhong/CLionProjects/cs222-fall20-team-11/test/pfm/Makefile&quot;  VERBOSE=1 pfmtest_private"/>
					<CompileFile command="/usr/bin/make -f &quot;/mnt/c/Users/sehwanhong/CLionProjects/cs222-fall20-team-11/test/pfm/Makefile&quot;  VERBOSE=1 &quot;$file&quot;"/>
					<Clean command="/usr/bin/make -f &quot;/mnt/c/Users/sehwanhong/CLionProjects/cs222-fall20-team-11/test/pfm/Makefile&quot;  VERBOSE=1 clean"/>
					<DistClean command="/usr/bin/make -f &quot;/mnt/c/Users/sehwanhong/CLionProjects/cs222-fall20-team-11/test/pfm/Makefile&quot;  VERBOSE=1 clean"/>
				</MakeCommands>
			</Target>
			<Target title="pfmtest_private/fast">
				<Option output="/mnt/c/Users/sehwanhong/CLionProjects/cs222-fall20-team-11/pfmtest_private" prefix_auto="0" extension_auto="0"/>
				<Option working_dir="/mnt/c/Users/sehwanhong/CLionProjects/cs222-fall20-team-11"/>
				<Option object_output="./"/>
				<Option type="1"/>
				<Option compiler="gcc"/>
				<Compiler>
					<Add option="-DDEBUG=1"/>
					<Add directory="/mnt/c/Users/sehwanhong/CLionProjects/cs222-fall20-team-11/include"/>
					<Add directory="/mnt/c/Users/sehwanhong/CLionProjects/cs222-fall20-team-11"/>
				</Compiler>
				<MakeCommands>
					<Build command="/usr/bin/make -f &quot;/mnt/c/Users/sehwanhong/CLionProjects/cs222-fall20-team-11/test/pfm/Makefile&quot;  VERBOSE=1 pfmtest_private/fast"/>
					<CompileFile command="/usr/bin/make -f &quot;/mnt/c/Users/sehwanhong/CLionProjects/cs222-fall20-team-11/test/pfm/Makefile&quot;  VERBOSE=1 &quot;$file&quot;"/>
					<Clean command="/usr/bin/make -f &quot;/mnt/c/Users/sehwanhong/CLionProjects/cs222-fall20-team-11/test/pfm/Makefile&quot;  VERBOSE=1 clean"/>
					<DistClean command="/usr/bin/make -f &quot;/mnt/c/Users/sehwanhong/CLionProjects/cs222-fall20-team-11/test/pfm/Makefile&quot;  VERBOSE=1 clean"/>
				</MakeCommands>
			</Target>
			<Target title="pfmtest_public">
				<Option output="/mnt/c/Users/sehwanhong/CLionProjects/cs222-fall20-team-11/pfmtest_public" prefix_auto="0" extension_auto="0"/>
				<Option working_dir="/mnt/c/Users/sehwanhong/CLionProjects/cs222-fall20-team-11"/>
				<Option object_output="./"/>
				<Option type="1"/>
				<Option compiler="gcc"/>
				<Compiler>
					<Add option="-DDEBUG=1"/>
					<Add directory="/mnt/c/Users/sehwanhong/CLionProjects/cs222-fall20-team-11/include"/>
					<Add directory="/mnt/c/Users/sehwanhong/CLionProjects/cs222-fall20-team-11"/>
				</Compiler>
				<MakeCommands>
					<Build command="/usr/bin/make -f &quot;/mnt/c/Users/sehwanhong/CLionProjects/cs222-fall20-team-11/test/pfm/Makefile&quot;  VERBOSE=1 pfmtest_public"/>
					<CompileFile command="/usr/bin/make -f &quot;/mnt/c/Users/sehwanhong/CLionProjects/cs222-fall20-team-11/test/pfm/Makefile&quot;  VERBOSE=1 &quot;$file&quot;"/>
					<Clean command="/usr/bin/make -f &quot;/mnt/c/Users/sehwanhong/CLionProjects/cs222-fall20-team-11/test/pfm/Makefile&quot;  VERBOSE=1 clean"/>
					<DistClean command="/usr/bin/make -f &quot;/mnt/c/Users/sehwanhong/CLionProjects/cs222-fall20-team-11/test/pfm/Makefile&quot;  VERBOSE=1 clean"/>
				</MakeCommands>
			</Target>
			<Target title="pfmtest_public/fast">
				<Option output="/mnt/c/Users/sehwanhong/CLionProjects/cs222-fall20-team-11/pfmtest_public" prefix_auto="0" extension_auto="0"/>
				<Option working_dir="/mnt/c/Users/sehwanhong/CLionProjects/cs222-fall20-team-11"/>
				<Option object_output="./"/>
				<Option type="1"/>
				<Option compiler="gcc"/>
				<Compiler>
					<Add option="-DDEBUG=1"/>
					<Add directory="/mnt/c/Users/sehwanhong/CLionProjects/cs222-fall20-team-11/include"/>
					<Add directory="/mnt/c/Users/sehwanhong/CLionProjects/cs222-fall20-team-11"/>
				</Compiler>
				<MakeCommands>
					<Build command="/usr/bin/make -f &quot;/mnt/c/Users/sehwanhong/CLionProjects/cs222-fall20-team-11/test/pfm/Makefile&quot;  VERBOSE=1 pfmtest_public/fast"/>
					<CompileFile command="/usr/bin/make -f &quot;/mnt/c/Users/sehwanhong/CLionProjects/cs222-fall20-team-11/test/pfm/Makefile&quot;  VERBOSE=1 &quot;$file&quot;"/>
					<Clean command="/usr/bin/make -f &quot;/mnt/c/Users/sehwanhong/CLionProjects/cs222-fall20-team-11/test/pfm/Makefile&quot;  VERBOSE=1 clean"/>
					<DistClean command="/usr/bin/make -f &quot;/mnt/c/Users/sehwanhong/CLionProjects/cs222-fall20-team-11/test/pfm/Makefile&quot;  VERBOSE=1 clean"/>
				</MakeCommands>
			</Target>
			<Target title="rbfmtest_private">
				<Option output="/mnt/c/Users/sehwanhong/CLionProjects/cs222-fall20-team-11/rbfmtest_private" prefix_auto="0" extension_auto="0"/>
				<Option working_dir="/mnt/c/Users/sehwanhong/CLionProjects/cs222-fall20-team-11"/>
				<Option object_output="./"/>
				<Option type="1"/>
				<Option compiler="gcc"/>
				<Compiler>
					<Add option="-DDEBUG=1"/>
					<Add directory="/mnt/c/Users/sehwanhong/CLionProjects/cs222-fall20-team-11/include"/>
					<Add directory="/mnt/c/Users/sehwanhong/CLionProjects/cs222-fall20-team-11"/>
				</Compiler>
				<MakeCommands>
					<Build command="/usr/bin/make -f &quot;/mnt/c/Users/sehwanhong/CLionProjects/cs222-fall20-team-11/test/rbfm/Makefile&quot;  VERBOSE=1 rbfmtest_private"/>
					<CompileFile command="/usr/bin/make -f &quot;/mnt/c/Users/sehwanhong/CLionProjects/cs222-fall20-team-11/test/rbfm/Makefile&quot;  VERBOSE=1 &quot;$file&quot;"/>
					<Clean command="/usr/bin/make -f &quot;/mnt/c/Users/sehwanhong/CLionProjects/cs222-fall20-team-11/test/rbfm/Makefile&quot;  VERBOSE=1 clean"/>
					<DistClean command="/usr/bin/make -f &quot;/mnt/c/Users/sehwanhong/CLionProjects/cs222-fall20-team-11/test/rbfm/Makefile&quot;  VERBOSE=1 clean"/>
				</MakeCommands>
			</Target>
			<Target title="rbfmtest_private/fast">
				<Option output="/mnt/c/Users/sehwanhong/CLionProjects/cs222-fall20-team-11/rbfmtest_private" prefix_auto="0" extension_auto="0"/>
				<Option working_dir="/mnt/c/Users/sehwanhong/CLionProjects/cs222-fall20-team-11"/>
				<Option object_output="./"/>
				<Option type="1"/>
				<Option compiler="gcc"/>
				<Compiler>
					<Add option="-DDEBUG=1"/>
					<Add directory="/mnt/c/Users/sehwanhong/CLionProjects/cs222-fall20-team-11/include"/>
					<Add directory="/mnt/c/Users/sehwanhong/CLionProjects/cs222-fall20-team-11"/>
				</Compiler>
				<MakeCommands>
					<Build command="/usr/bin/make -f &quot;/mnt/c/Users/sehwanhong/CLionProjects/cs222-fall20-team-11/test/rbfm/Makefile&quot;  VERBOSE=1 rbfmtest_private/fast"/>
					<CompileFile command="/usr/bin/make -f &quot;/mnt/c/Users/sehwanhong/CLionProjects/cs222-fall20-team-11/test/rbfm/Makefile&quot;  VERBOSE=1 &quot;$file&quot;"/>
					<Clean command="/usr/bin/make -f &quot;/mnt/c/Users/sehwanhong/CLionProjects/cs222-fall20-team-11/test/rbfm/Makefile&quot;  VERBOSE=1 clean"/>
					<DistClean command="/usr/bin/make -f &quot;/mnt/c/Users/sehwanhong/CLionProjects/cs222-fall20-team-11/test/rbfm/Makefile&quot;  VERBOSE=1 clean"/>
				</MakeCommands>
			</Target>
			<Target title="rbfmtest_public">
				<Option output="/mnt/c/Users/sehwanhong/CLionProjects/cs222-fall20-team-11/rbfmtest_public" prefix_auto="0" extension_auto="0"/>
				<Option working_dir="/mnt/c/Users/sehwanhong/CLionProjects/cs222-fall20-team-11"/>
				<Option object_output="./"/>
				<Option type="1"/>
				<Option compiler="gcc"/>
				<Compiler>
					<Add option="-DDEBUG=1"/>
					<Add directory="/mnt/c/Users/sehwanhong/CLionProjects/cs222-fall20-team-11/include"/>
					<Add directory="/mnt/c/Users/sehwanhong/CLionProjects/cs222-fall20-team-11"/>
				</Compiler>
				<MakeCommands>
					<Build command="/usr/bin/make -f &quot;/mnt/c/Users/sehwanhong/CLionProjects/cs222-fall20-team-11/test/rbfm/Makefile&quot;  VERBOSE=1 rbfmtest_public"/>
					<CompileFile command="/usr/bin/make -f &quot;/mnt/c/Users/sehwanhong/CLionProjects/cs222-fall20-team-11/test/rbfm/Makefile&quot;  VERBOSE=1 &quot;$file&quot;"/>
					<Clean command="/usr/bin/make -f &quot;/mnt/c/Users/sehwanhong/CLionProjects/cs222-fall20-team-11/test/rbfm/Makefile&quot;  VERBOSE=1 clean"/>
					<DistClean command="/usr/bin/make -f &quot;/mnt/c/Users/sehwanhong/CLionProjects/cs222-fall20-team-11/test/rbfm/Makefile&quot;  VERBOSE=1 clean"/>
				</MakeCommands>
			</Target>
			<Target title="rbfmtest_public/fast">
				<Option output="/mnt/c/Users/sehwanhong/CLionProjects/cs222-fall20-team-11/rbfmtest_public" prefix_auto="0" extension_auto="0"/>
				<Option working_dir="/mnt/c/Users/sehwanhong/CLionProjects/cs222-fall20-team-11"/>
				<Option object_output="./"/>
				<Option type="1"/>
				<Option compiler="gcc"/>
				<Compiler>
					<Add option="-DDEBUG=1"/>
					<Add directory="/mnt/c/Users/sehwanhong/CLionProjects/cs222-fall20-team-11/include"/>
					<Add directory="/mnt/c/Users/sehwanhong/CLionProjects/cs222-fall20-team-11"/>
				</Compiler>
				<MakeCommands>
					<Build command="/usr/bin/make -f &quot;/mnt/c/Users/sehwanhong/CLionProjects/cs222-fall20-team-11/test/rbfm/Makefile&quot;  VERBOSE=1 rbfmtest_public/fast"/>
					<CompileFile command="/usr/bin/make -f &quot;/mnt/c/Users/sehwanhong/CLionProjects/cs222-fall20-team-11/test/rbfm/Makefile&quot;  VERBOSE=1 &quot;$file&quot;"/>
					<Clean command="/usr/bin/make -f &quot;/mnt/c/Users/sehwanhong/CLionProjects/cs222-fall20-team-11/test/rbfm/Makefile&quot;  VERBOSE=1 clean"/>
					<DistClean command="/usr/bin/make -f &quot;/mnt/c/Users/sehwanhong/CLionProjects/cs222-fall20-team-11/test/rbfm/Makefile&quot;  VERBOSE=1 clean"/>
				</MakeCommands>
			</Target>
			<Target title="ixtest_public">
				<Option output="/mnt/c/Users/sehwanhong/CLionProjects/cs222-fall20-team-11/ixtest_public" prefix_auto="0" extension_auto="0"/>
				<Option working_dir="/mnt/c/Users/sehwanhong/CLionProjects/cs222-fall20-team-11"/>
				<Option object_output="./"/>
				<Option type="1"/>
				<Option compiler="gcc"/>
				<Compiler>
					<Add option="-DDEBUG=1"/>
					<Add directory="/mnt/c/Users/sehwanhong/CLionProjects/cs222-fall20-team-11/include"/>
					<Add directory="/mnt/c/Users/sehwanhong/CLionProjects/cs222-fall20-team-11"/>
				</Compiler>
				<MakeCommands>
					<Build command="/usr/bin/make -f &quot;/mnt/c/Users/sehwanhong/CLionProjects/cs222-fall20-team-11/test/ix/Makefile&quot;  VERBOSE=1 ixtest_public"/>
					<CompileFile command="/usr/bin/make -f &quot;/mnt/c/Users/sehwanhong/CLionProjects/cs222-fall20-team-11/test/ix/Makefile&quot;  VERBOSE=1 &quot;$file&quot;"/>
					<Clean command="/usr/bin/make -f &quot;/mnt/c/Users/sehwanhong/CLionProjects/cs222-fall20-team-11/test/ix/Makefile&quot;  VERBOSE=1 clean"/>
					<DistClean command="/usr/bin/make -f &quot;/mnt/c/Users/sehwanhong/CLionProjects/cs222-fall20-team-11/test/ix/Makefile&quot;  VERBOSE=1 clean"/>
				</MakeCommands>
			</Target>
			<Target title="ixtest_public/fast">
				<Option output="/mnt/c/Users/sehwanhong/CLionProjects/cs222-fall20-team-11/ixtest_public" prefix_auto="0" extension_auto="0"/>
				<Option working_dir="/mnt/c/Users/sehwanhong/CLionProjects/cs222-fall20-team-11"/>
				<Option object_output="./"/>
				<Option type="1"/>
				<Option compiler="gcc"/>
				<Compiler>
					<Add option="-DDEBUG=1"/>
					<Add directory="/mnt/c/Users/sehwanhong/CLionProjects/cs222-fall20-team-11/include"/>
					<Add directory="/mnt/c/Users/sehwanhong/CLionProjects/cs222-fall20-team-11"/>
				</Compiler>
				<MakeCommands>
					<Build command="/usr/bin/make -f &quot;/mnt/c/Users/sehwanhong/CLionProjects/cs222-fall20-team-11/test/ix/Makefile&quot;  VERBOSE=1 ixtest_public/fast"/>
					<CompileFile command="/usr/bin/make -f &quot;/mnt/c/Users/sehwanhong/CLionProjects/cs222-fall20-team-11/test/ix/Makefile&quot;  VERBOSE=1 &quot;$file&quot;"/>
					<Clean command="/usr/bin/make -f &quot;/mnt/c/Users/sehwanhong/CLionProjects/cs222-fall20-team-11/test/ix/Makefile&quot;  VERBOSE=1 clean"/>
					<DistClean command="/usr/bin/make -f &quot;/mnt/c/Users/sehwanhong/CLionProjects/cs222-fall20-team-11/test/ix/Makefile&quot;  VERBOSE=1 clean"/>
				</MakeCommands>
			</Target>
			<Target title="rmtest_private">
				<Option output="/mnt/c/Users/sehwanhong/CLionProjects/cs222-fall20-team-11/rmtest_private" prefix_auto="0" extension_auto="0"/>
				<Option working_dir="/mnt/c/Users/sehwanhong/CLionProjects/cs222-fall20-team-11"/>
				<Option object_output="./"/>
				<Option type="1"/>
				<Option compiler="gcc"/>
				<Compiler>
					<Add option="-DDEBUG=1"/>
					<Add directory="/mnt/c/Users/sehwanhong/CLionProjects/cs222-fall20-team-11/include"/>
					<Add directory="/mnt/c/Users/sehwanhong/CLionProjects/cs222-fall20-team-11"/>
				</Compiler>
				<MakeCommands>
					<Build command="/usr/bin/make -f &quot;/mnt/c/Users/sehwanhong/CLionProjects/cs222-fall20-team-11/test/rm/Makefile&quot;  VERBOSE=1 rmtest_private"/>
					<CompileFile command="/usr/bin/make -f &quot;/mnt/c/Users/sehwanhong/CLionProjects/cs222-fall20-team-11/test/rm/Makefile&quot;  VERBOSE=1 &quot;$file&quot;"/>
					<Clean command="/usr/bin/make -f &quot;/mnt/c/Users/sehwanhong/CLionProjects/cs222-fall20-team-11/test/rm/Makefile&quot;  VERBOSE=1 clean"/>
					<DistClean command="/usr/bin/make -f &quot;/mnt/c/Users/sehwanhong/CLionProjects/cs222-fall20-team-11/test/rm/Makefile&quot;  VERBOSE=1 clean"/>
				</MakeCommands>
			</Target>
			<Target title="rmtest_private/fast">
				<Option output="/mnt/c/Users/sehwanhong/CLionProjects/cs222-fall20-team-11/rmtest_private" prefix_auto="0" extension_auto="0"/>
				<Option working_dir="/mnt/c/Users/sehwanhong/CLionProjects/cs222-fall20-team-11"/>
				<Option object_output="./"/>
				<Option type="1"/>
				<Option compiler="gcc"/>
				<Compiler>
					<Add option="-DDEBUG=1"/>
					<Add directory="/mnt/c/Users/sehwanhong/CLionProjects/cs222-fall20-team-11/include"/>
					<Add directory="/mnt/c/Users/sehwanhong/CLionProjects/cs222-fall20-team-11"/>
				</Compiler>
				<MakeCommands>
					<Build command="/usr/bin/make -f &quot;/mnt/c/Users/sehwanhong/CLionProjects/cs222-fall20-team-11/test/rm/Makefile&quot;  VERBOSE=1 rmtest_private/fast"/>
					<CompileFile command="/usr/bin/make -f &quot;/mnt/c/Users/sehwanhong/CLionProjects/cs222-fall20-team-11/test/rm/Makefile&quot;  VERBOSE=1 &quot;$file&quot;"/>
					<Clean command="/usr/bin/make -f &quot;/mnt/c/Users/sehwanhong/CLionProjects/cs222-fall20-team-11/test/rm/Makefile&quot;  VERBOSE=1 clean"/>
					<DistClean command="/usr/bin/make -f &quot;/mnt/c/Users/sehwanhong/CLionProjects/cs222-fall20-team-11/test/rm/Makefile&quot;  VERBOSE=1 clean"/>
				</MakeCommands>
			</Target>
			<Target title="rmtest_public">
				<Option output="/mnt/c/Users/sehwanhong/CLionProjects/cs222-fall20-team-11/rmtest_public" prefix_auto="0" extension_auto="0"/>
				<Option working_dir="/mnt/c/Users/sehwanhong/CLionProjects/cs222-fall20-team-11"/>
				<Option object_output="./"/>
				<Option type="1"/>
				<Option compiler="gcc"/>
				<Compiler>
					<Add option="-DDEBUG=1"/>
					<Add directory="/mnt/c/Users/sehwanhong/CLionProjects/cs222-fall20-team-11/include"/>
					<Add directory="/mnt/c/Users/sehwanhong/CLionProjects/cs222-fall20-team-11"/>
				</Compiler>
				<MakeCommands>
					<Build command="/usr/bin/make -f &quot;/mnt/c/Users/sehwanhong/CLionProjects/cs222-fall20-team-11/test/rm/Makefile&quot;  VERBOSE=1 rmtest_public"/>
					<CompileFile command="/usr/bin/make -f &quot;/mnt/c/Users/sehwanhong/CLionProjects/cs222-fall20-team-11/test/rm/Makefile&quot;  VERBOSE=1 &quot;$file&quot;"/>
					<Clean command="/usr/bin/make -f &quot;/mnt/c/Users/sehwanhong/CLionProjects/cs222-fall20-team-11/test/rm/Makefile&quot;  VERBOSE=1 clean"/>
					<DistClean command="/usr/bin/make -f &quot;/mnt/c/Users/sehwanhong/CLionProjects/cs222-fall20-team-11/test/rm/Makefile&quot;  VERBOSE=1 clean"/>
				</MakeCommands>
			</Target>
			<Target title="rmtest_public/fast">
				<Option output="/mnt/c/Users/sehwanhong/CLionProjects/cs222-fall20-team-11/rmtest_public" prefix_auto="0" extension_auto="0"/>
				<Option working_dir="/mnt/c/Users/sehwanhong/CLionProjects/cs222-fall20-team-11"/>
				<Option object_output="./"/>
				<Option type="1"/>
				<Option compiler="gcc"/>
				<Compiler>
					<Add option="-DDEBUG=1"/>
					<Add directory="/mnt/c/Users/sehwanhong/CLionProjects/cs222-fall20-team-11/include"/>
					<Add directory="/mnt/c/Users/sehwanhong/CLionProjects/cs222-fall20-team-11"/>
				</Compiler>
				<MakeCommands>
					<Build command="/usr/bin/make -f &quot;/mnt/c/Users/sehwanhong/CLionProjects/cs222-fall20-team-11/test/rm/Makefile&quot;  VERBOSE=1 rmtest_public/fast"/>
					<CompileFile command="/usr/bin/make -f &quot;/mnt/c/Users/sehwanhong/CLionProjects/cs222-fall20-team-11/test/rm/Makefile&quot;  VERBOSE=1 &quot;$file&quot;"/>
					<Clean command="/usr/bin/make -f &quot;/mnt/c/Users/sehwanhong/CLionProjects/cs222-fall20-team-11/test/rm/Makefile&quot;  VERBOSE=1 clean"/>
					<DistClean command="/usr/bin/make -f &quot;/mnt/c/Users/sehwanhong/CLionProjects/cs222-fall20-team-11/test/rm/Makefile&quot;  VERBOSE=1 clean"/>
				</MakeCommands>
			</Target>
			<Target title="qetest_public">
				<Option output="/mnt/c/Users/sehwanhong/CLionProjects/cs222-fall20-team-11/qetest_public" prefix_auto="0" extension_auto="0"/>
				<Option working_dir="/mnt/c/Users/sehwanhong/CLionProjects/cs222-fall20-team-11"/>
				<Option object_output="./"/>
				<Option type="1"/>
				<Option compiler="gcc"/>
				<Compiler>
					<Add option="-DDEBUG=1"/>
					<Add directory="/mnt/c/Users/sehwanhong/CLionProjects/cs222-fall20-team-11/include"/>
					<Add directory="/mnt/c/Users/sehwanhong/CLionProjects/cs222-fall20-team-11"/>
				</Compiler>
				<MakeCommands>
					<Build command="/usr/bin/make -f &quot;/mnt/c/Users/sehwanhong/CLionProjects/cs222-fall20-team-11/test/qe/Makefile&quot;  VERBOSE=1 qetest_public"/>
					<CompileFile command="/usr/bin/make -f &quot;/mnt/c/Users/sehwanhong/CLionProjects/cs222-fall20-team-11/test/qe/Makefile&quot;  VERBOSE=1 &quot;$file&quot;"/>
					<Clean command="/usr/bin/make -f &quot;/mnt/c/Users/sehwanhong/CLionProjects/cs222-fall20-team-11/test/qe/Makefile&quot;  VERBOSE=1 clean"/>
					<DistClean command="/usr/bin/make -f &quot;/mnt/c/Users/sehwanhong/CLionProjects/cs222-fall20-team-11/test/qe/Makefile&quot;  VERBOSE=1 clean"/>
				</MakeCommands>
			</Target>
			<Target title="qetest_public/fast">
				<Option output="/mnt/c/Users/sehwanhong/CLionProjects/cs222-fall20-team-11/qetest_public" prefix_auto="0" extension_auto="0"/>
				<Option working_dir="/mnt/c/Users/sehwanhong/CLionProjects/cs222-fall20-team-11"/>
				<Option object_output="./"/>
				<Option type="1"/>
				<Option compiler="gcc"/>
				<Compiler>
					<Add option="-DDEBUG=1"/>
					<Add directory="/mnt/c/Users/sehwanhong/CLionProjects/cs222-fall20-team-11/include"/>
					<Add directory="/mnt/c/Users/sehwanhong/CLionProjects/cs222-fall20-team-11"/>
				</Compiler>
				<MakeCommands>
					<Build command="/usr/bin/make -f &quot;/mnt/c/Users/sehwanhong/CLionProjects/cs222-fall20-team-11/test/qe/Makefile&quot;  VERBOSE=1 qetest_public/fast"/>
					<CompileFile command="/usr/bin/make -f &quot;/mnt/c/Users/sehwanhong/CLionProjects/cs222-fall20-team-11/test/qe/Makefile&quot;  VERBOSE=1 &quot;$file&quot;"/>
					<Clean command="/usr/bin/make -f &quot;/mnt/c/Users/sehwanhong/CLionProjects/cs222-fall20-team-11/test/qe/Makefile&quot;  VERBOSE=1 clean"/>
					<DistClean command="/usr/bin/make -f &quot;/mnt/c/Users/sehwanhong/CLionProjects/cs222-fall20-team-11/test/qe/Makefile&quot;  VERBOSE=1 clean"/>
				</MakeCommands>
			</Target>
		</Build>
		<Unit filename="/mnt/c/Users/sehwanhong/CLionProjects/cs222-fall20-team-11/src/ix/ix.cc">
			<Option target="ix"/>
		</Unit>
		<Unit filename="/mnt/c/Users/sehwanhong/CLionProjects/cs222-fall20-team-11/src/pfm/pfm.cc">
			<Option target="pfm"/>
		</Unit>
		<Unit filename="/mnt/c/Users/sehwanhong/CLionProjects/cs222-fall20-team-11/src/qe/qe.cc">
			<Option target="qe"/>
		</Unit>
		<Unit filename="/mnt/c/Users/sehwanhong/CLionProjects/cs222-fall20-team-11/src/rbfm/rbfm.cc">
			<Option target="rbfm"/>
		</Unit>
		<Unit filename="/mnt/c/Users/sehwanhong/CLionProjects/cs222-fall20-team-11/src/rm/rm.cc">
			<Option target="rm"/>
		</Unit>
		<Unit filename="/mnt/c/Users/sehwanhong/CLionProjects/cs222-fall20-team-11/test/ix/ixtest_public.cc">
			<Option target="ixtest_public"/>
		</Unit>
		<Unit filename="/mnt/c/Users/sehwanhong/CLionProjects/cs222-fall20-team-11/test/pfm/pfmtest_private.cc">
			<Option target="pfmtest_private"/>
		</Unit>
		<Unit filename="/mnt/c/Users/sehwanhong/CLionProjects/cs222-fall20-team-11/test/pfm/pfmtest_public.cc">
			<Option target="pfmtest_public"/>
		</Unit>
		<Unit filename="/mnt/c/Users/sehwanhong/CLionProjects/cs222-fall20-team-11/test/qe/qetest_public.cc">
			<Option target="qetest_public"/>
		</Unit>
		<Unit filename="/mnt/c/Users/sehwanhong/CLionProjects/cs222-fall20-team-11/test/rbfm/rbfmtest_private.cc">
			<Option target="rbfmtest_private"/>
		</Unit>
		<Unit filename="/mnt/c/Users/sehwanhong/CLionProjects/cs222-fall20-team-11/test/rbfm/rbfmtest_public.cc">
			<Option target="rbfmtest_public"/>
		</Unit>
		<Unit filename="/mnt/c/Users/sehwanhong/CLionProjects/cs222-fall20-team-11/test/rm/rmtest_private.cc">
			<Option target="rmtest_private"/>
		</Unit>
		<Unit filename="/mnt/c/Users/sehwanhong/CLionProjects/cs222-fall20-team-11/test/rm/rmtest_public.cc">
			<Option target="rmtest_public"/>
		</Unit>
		<Unit filename="/mnt/c/Users/sehwanhong/CLionProjects/cs222-fall20-team-11/CMakeLists.txt">
			<Option virtualFolder="CMake Files\"/>
		</Unit>
		<Unit filename="/mnt/c/Users/sehwanhong/CLionProjects/cs222-fall20-team-11/googletest-prefix/tmp/googletest-cfgcmd.txt.in">
			<Option virtualFolder="CMake Files\googletest-prefix\tmp\"/>
		</Unit>
		<Unit filename="/mnt/c/Users/sehwanhong/CLionProjects/cs222-fall20-team-11/googlelog-prefix/tmp/googlelog-cfgcmd.txt.in">
			<Option virtualFolder="CMake Files\googlelog-prefix\tmp\"/>
		</Unit>
		<Unit filename="/mnt/c/Users/sehwanhong/CLionProjects/cs222-fall20-team-11/src/CMakeLists.txt">
			<Option virtualFolder="CMake Files\src\"/>
		</Unit>
		<Unit filename="/mnt/c/Users/sehwanhong/CLionProjects/cs222-fall20-team-11/src/pfm/CMakeLists.txt">
			<Option virtualFolder="CMake Files\src\pfm\"/>
		</Unit>
		<Unit filename="/mnt/c/Users/sehwanhong/CLionProjects/cs222-fall20-team-11/src/rbfm/CMakeLists.txt">
			<Option virtualFolder="CMake Files\src\rbfm\"/>
		</Unit>
		<Unit filename="/mnt/c/Users/sehwanhong/CLionProjects/cs222-fall20-team-11/src/ix/CMakeLists.txt">
			<Option virtualFolder="CMake Files\src\ix\"/>
		</Unit>
		<Unit filename="/mnt/c/Users/sehwanhong/CLionProjects/cs222-fall20-team-11/src/rm/CMakeLists.txt">
			<Option virtualFolder="CMake Files\src\rm\"/>
		</Unit>
		<Unit filename="/mnt/c/Users/sehwanhong/CLionProjects/cs222-fall20-team-11/src/qe/CMakeLists.txt">
			<Option virtualFolder="CMake Files\src\qe\"/>
		</Unit>
		<Unit filename="/mnt/c/Users/sehwanhong/CLionProjects/cs222-fall20-team-11/test/CMakeLists.txt">
			<Option virtualFolder="CMake Files\test\"/>
		</Unit>
		<Unit filename="/mnt/c/Users/sehwanhong/CLionProjects/cs222-fall20-team-11/test/pfm/CMakeLists.txt">
			<Option virtualFolder="CMake Files\test\pfm\"/>
		</Unit>
		<Unit filename="/mnt/c/Users/sehwanhong/CLionProjects/cs222-fall20-team-11/test/rbfm/CMakeLists.txt">
			<Option virtualFolder="CMake Files\test\rbfm\"/>
		</Unit>
		<Unit filename="/mnt/c/Users/sehwanhong/CLionProjects/cs222-fall20-team-11/test/ix/CMakeLists.txt">
			<Option virtualFolder="CMake Files\test\ix\"/>
		</Unit>
		<Unit filename="/mnt/c/Users/sehwanhong/CLionProjects/cs222-fall20-team-11/test/rm/CMakeLists.txt">
			<Option virtualFolder="CMake Files\test\rm\"/>
		</Unit>
		<Unit filename="/mnt/c/Users/sehwanhong/CLionProjects/cs222-fall20-team-11/test/qe/CMakeLists.txt">
			<Option virtualFolder="CMake Files\test\qe\"/>
		</Unit>
	</Project>
</CodeBlocks_project_file>
